
Microsoft Visual Studio Solution File, Format Version 12.00
# Visual Studio 15
VisualStudioVersion = 15.0.28307.1340
MinimumVisualStudioVersion = 10.0.40219.1
Project("{FAE04EC0-301F-11D3-BF4B-00C04F79EFBC}") = "MedicalTrader", "MedicalTrader\MedicalTrader.csproj", "{34A59D4A-7B06-477E-AF06-E7421B526444}"
EndProject
Global
	GlobalSection(SolutionConfigurationPlatforms) = preSolution
		Debug|Any CPU = Debug|Any CPU
		Release|Any CPU = Release|Any CPU
	EndGlobalSection
	GlobalSection(ProjectConfigurationPlatforms) = postSolution
		{34A59D4A-7B06-477E-AF06-E7421B526444}.Debug|Any CPU.ActiveCfg = Debug|Any CPU
		{34A59D4A-7B06-477E-AF06-E7421B526444}.Debug|Any CPU.Build.0 = Debug|Any CPU
		{34A59D4A-7B06-477E-AF06-E7421B526444}.Release|Any CPU.ActiveCfg = Release|Any CPU
		{34A59D4A-7B06-477E-AF06-E7421B526444}.Release|Any CPU.Build.0 = Release|Any CPU
	EndGlobalSection
	GlobalSection(SolutionProperties) = preSolution
		HideSolutionNode = FALSE
	EndGlobalSection
	GlobalSection(ExtensibilityGlobals) = postSolution
		SolutionGuid = {464F2F0B-7900-4368-B930-214D4D0628D6}
	EndGlobalSection
EndGlobal
